
Microsoft Visual Studio Solution File, Format Version 12.00
# Visual Studio Version 16
VisualStudioVersion = 16.0.30804.86
MinimumVisualStudioVersion = 10.0.40219.1
Project("{9A19103F-16F7-4668-BE54-9A1E7A4F7556}") = "GreenWhale.Extensions.Mesframeworks", "GreenWhale.Extensions.Mesframeworks\GreenWhale.Extensions.Mesframeworks.csproj", "{00987AF1-9E6C-4E21-AE35-2C15538B46AA}"
EndProject
Project("{9A19103F-16F7-4668-BE54-9A1E7A4F7556}") = "Demo", "ConsoleApp3\Demo.csproj", "{1455E918-4645-4669-883C-172210C2472A}"
EndProject
Global
	GlobalSection(SolutionConfigurationPlatforms) = preSolution
		Debug|Any CPU = Debug|Any CPU
		Release|Any CPU = Release|Any CPU
	EndGlobalSection
	GlobalSection(ProjectConfigurationPlatforms) = postSolution
		{00987AF1-9E6C-4E21-AE35-2C15538B46AA}.Debug|Any CPU.ActiveCfg = Debug|Any CPU
		{00987AF1-9E6C-4E21-AE35-2C15538B46AA}.Debug|Any CPU.Build.0 = Debug|Any CPU
		{00987AF1-9E6C-4E21-AE35-2C15538B46AA}.Release|Any CPU.ActiveCfg = Release|Any CPU
		{00987AF1-9E6C-4E21-AE35-2C15538B46AA}.Release|Any CPU.Build.0 = Release|Any CPU
		{1455E918-4645-4669-883C-172210C2472A}.Debug|Any CPU.ActiveCfg = Debug|Any CPU
		{1455E918-4645-4669-883C-172210C2472A}.Debug|Any CPU.Build.0 = Debug|Any CPU
		{1455E918-4645-4669-883C-172210C2472A}.Release|Any CPU.ActiveCfg = Release|Any CPU
		{1455E918-4645-4669-883C-172210C2472A}.Release|Any CPU.Build.0 = Release|Any CPU
	EndGlobalSection
	GlobalSection(SolutionProperties) = preSolution
		HideSolutionNode = FALSE
	EndGlobalSection
	GlobalSection(ExtensibilityGlobals) = postSolution
		SolutionGuid = {A437D02B-EFD1-4D11-B456-1289A3838E8E}
	EndGlobalSection
EndGlobal
